
Microsoft Visual Studio Solution File, Format Version 12.00
# Visual Studio Version 16
VisualStudioVersion = 16.0.31729.503
MinimumVisualStudioVersion = 10.0.40219.1
Project("{FAE04EC0-301F-11D3-BF4B-00C04F79EFBC}") = "Gym", "Gym\Gym.csproj", "{A270E57B-5EBB-4797-A438-75F8579C998A}"
EndProject
Global
	GlobalSection(SolutionConfigurationPlatforms) = preSolution
		Debug|Any CPU = Debug|Any CPU
		Release|Any CPU = Release|Any CPU
	EndGlobalSection
	GlobalSection(ProjectConfigurationPlatforms) = postSolution
		{A270E57B-5EBB-4797-A438-75F8579C998A}.Debug|Any CPU.ActiveCfg = Debug|Any CPU
		{A270E57B-5EBB-4797-A438-75F8579C998A}.Debug|Any CPU.Build.0 = Debug|Any CPU
		{A270E57B-5EBB-4797-A438-75F8579C998A}.Release|Any CPU.ActiveCfg = Release|Any CPU
		{A270E57B-5EBB-4797-A438-75F8579C998A}.Release|Any CPU.Build.0 = Release|Any CPU
	EndGlobalSection
	GlobalSection(SolutionProperties) = preSolution
		HideSolutionNode = FALSE
	EndGlobalSection
	GlobalSection(ExtensibilityGlobals) = postSolution
		SolutionGuid = {E5DBAA07-8C9E-4407-87AD-FFDEFFDAE7CC}
	EndGlobalSection
EndGlobal
